
Microsoft Visual Studio Solution File, Format Version 12.00
# Visual Studio Version 17
VisualStudioVersion = 17.9.34723.18
MinimumVisualStudioVersion = 10.0.40219.1
Project("{FAE04EC0-301F-11D3-BF4B-00C04F79EFBC}") = "sub_array_divisivale_by_k", "sub_array_divisivale_by_k\sub_array_divisivale_by_k.csproj", "{D1614B1F-9955-4A88-A445-27E70E2AE166}"
EndProject
Global
	GlobalSection(SolutionConfigurationPlatforms) = preSolution
		Debug|Any CPU = Debug|Any CPU
		Release|Any CPU = Release|Any CPU
	EndGlobalSection
	GlobalSection(ProjectConfigurationPlatforms) = postSolution
		{D1614B1F-9955-4A88-A445-27E70E2AE166}.Debug|Any CPU.ActiveCfg = Debug|Any CPU
		{D1614B1F-9955-4A88-A445-27E70E2AE166}.Debug|Any CPU.Build.0 = Debug|Any CPU
		{D1614B1F-9955-4A88-A445-27E70E2AE166}.Release|Any CPU.ActiveCfg = Release|Any CPU
		{D1614B1F-9955-4A88-A445-27E70E2AE166}.Release|Any CPU.Build.0 = Release|Any CPU
	EndGlobalSection
	GlobalSection(SolutionProperties) = preSolution
		HideSolutionNode = FALSE
	EndGlobalSection
	GlobalSection(ExtensibilityGlobals) = postSolution
		SolutionGuid = {3EDDAEDC-A552-4DC4-AE86-81208139430E}
	EndGlobalSection
EndGlobal
